
Microsoft Visual Studio Solution File, Format Version 12.00
# Visual Studio 15
VisualStudioVersion = 15.0.28010.2019
MinimumVisualStudioVersion = 10.0.40219.1
Project("{9A19103F-16F7-4668-BE54-9A1E7A4F7556}") = "ENEKweb", "ENEKweb\ENEKweb.csproj", "{B0A7B77D-36C9-4C8A-B922-F97DE38FDE95}"
EndProject
Project("{9A19103F-16F7-4668-BE54-9A1E7A4F7556}") = "IdentityData", "IdentityData\IdentityData.csproj", "{C3903D2E-2460-4A4F-B997-F68AE5E899DC}"
EndProject
Project("{9A19103F-16F7-4668-BE54-9A1E7A4F7556}") = "ENEKservices", "ENEKservices\ENEKservices.csproj", "{0C0AD5DE-7EDB-4857-A5F8-9FD660A1B1E1}"
EndProject
Project("{9A19103F-16F7-4668-BE54-9A1E7A4F7556}") = "ENEKdata", "ENEKdata\ENEKdata.csproj", "{F2AA5C6D-B841-4162-BD53-07CE18A9CD77}"
EndProject
Global
	GlobalSection(SolutionConfigurationPlatforms) = preSolution
		Debug|Any CPU = Debug|Any CPU
		Release|Any CPU = Release|Any CPU
	EndGlobalSection
	GlobalSection(ProjectConfigurationPlatforms) = postSolution
		{B0A7B77D-36C9-4C8A-B922-F97DE38FDE95}.Debug|Any CPU.ActiveCfg = Debug|Any CPU
		{B0A7B77D-36C9-4C8A-B922-F97DE38FDE95}.Debug|Any CPU.Build.0 = Debug|Any CPU
		{B0A7B77D-36C9-4C8A-B922-F97DE38FDE95}.Release|Any CPU.ActiveCfg = Release|Any CPU
		{B0A7B77D-36C9-4C8A-B922-F97DE38FDE95}.Release|Any CPU.Build.0 = Release|Any CPU
		{C3903D2E-2460-4A4F-B997-F68AE5E899DC}.Debug|Any CPU.ActiveCfg = Debug|Any CPU
		{C3903D2E-2460-4A4F-B997-F68AE5E899DC}.Debug|Any CPU.Build.0 = Debug|Any CPU
		{C3903D2E-2460-4A4F-B997-F68AE5E899DC}.Release|Any CPU.ActiveCfg = Release|Any CPU
		{C3903D2E-2460-4A4F-B997-F68AE5E899DC}.Release|Any CPU.Build.0 = Release|Any CPU
		{0C0AD5DE-7EDB-4857-A5F8-9FD660A1B1E1}.Debug|Any CPU.ActiveCfg = Debug|Any CPU
		{0C0AD5DE-7EDB-4857-A5F8-9FD660A1B1E1}.Debug|Any CPU.Build.0 = Debug|Any CPU
		{0C0AD5DE-7EDB-4857-A5F8-9FD660A1B1E1}.Release|Any CPU.ActiveCfg = Release|Any CPU
		{0C0AD5DE-7EDB-4857-A5F8-9FD660A1B1E1}.Release|Any CPU.Build.0 = Release|Any CPU
		{F2AA5C6D-B841-4162-BD53-07CE18A9CD77}.Debug|Any CPU.ActiveCfg = Debug|Any CPU
		{F2AA5C6D-B841-4162-BD53-07CE18A9CD77}.Debug|Any CPU.Build.0 = Debug|Any CPU
		{F2AA5C6D-B841-4162-BD53-07CE18A9CD77}.Release|Any CPU.ActiveCfg = Release|Any CPU
		{F2AA5C6D-B841-4162-BD53-07CE18A9CD77}.Release|Any CPU.Build.0 = Release|Any CPU
	EndGlobalSection
	GlobalSection(SolutionProperties) = preSolution
		HideSolutionNode = FALSE
	EndGlobalSection
	GlobalSection(ExtensibilityGlobals) = postSolution
		SolutionGuid = {4C0FF5BF-8D0D-4043-9DE6-D9D24AB56AA5}
	EndGlobalSection
EndGlobal
